
Microsoft Visual Studio Solution File, Format Version 12.00
# Visual Studio Version 17
VisualStudioVersion = 17.1.32228.430
MinimumVisualStudioVersion = 10.0.40219.1
Project("{FAE04EC0-301F-11D3-BF4B-00C04F79EFBC}") = "OsobneFinancije", "OsobneFinancije\OsobneFinancije.csproj", "{ABA93A0D-0891-4E58-B3BC-459E990FBA94}"
EndProject
Global
	GlobalSection(SolutionConfigurationPlatforms) = preSolution
		Debug|Any CPU = Debug|Any CPU
		Release|Any CPU = Release|Any CPU
	EndGlobalSection
	GlobalSection(ProjectConfigurationPlatforms) = postSolution
		{ABA93A0D-0891-4E58-B3BC-459E990FBA94}.Debug|Any CPU.ActiveCfg = Debug|Any CPU
		{ABA93A0D-0891-4E58-B3BC-459E990FBA94}.Debug|Any CPU.Build.0 = Debug|Any CPU
		{ABA93A0D-0891-4E58-B3BC-459E990FBA94}.Release|Any CPU.ActiveCfg = Release|Any CPU
		{ABA93A0D-0891-4E58-B3BC-459E990FBA94}.Release|Any CPU.Build.0 = Release|Any CPU
	EndGlobalSection
	GlobalSection(SolutionProperties) = preSolution
		HideSolutionNode = FALSE
	EndGlobalSection
	GlobalSection(ExtensibilityGlobals) = postSolution
		SolutionGuid = {7808E41F-BD4B-4E68-89CA-526AB6160B53}
	EndGlobalSection
EndGlobal
