
Microsoft Visual Studio Solution File, Format Version 12.00
# Visual Studio Version 17
VisualStudioVersion = 17.1.32228.430
MinimumVisualStudioVersion = 10.0.40219.1
Project("{FAE04EC0-301F-11D3-BF4B-00C04F79EFBC}") = "Bankovne_transakcije", "Bankovne_transakcije\Bankovne_transakcije.csproj", "{5023FB0E-63F6-4511-903C-8A9F35A65BD5}"
EndProject
Project("{FAE04EC0-301F-11D3-BF4B-00C04F79EFBC}") = "Corona_evidencija", "Corona_evidencija\Corona_evidencija.csproj", "{3388ECC4-4363-4258-9B6D-1013A498741B}"
EndProject
Project("{FAE04EC0-301F-11D3-BF4B-00C04F79EFBC}") = "Autobusni_kolodvor", "Autobusni_kolodvor\Autobusni_kolodvor.csproj", "{FCE6E73B-3432-41AA-BEF9-589051F913F5}"
EndProject
Project("{FAE04EC0-301F-11D3-BF4B-00C04F79EFBC}") = "Glasanje", "Glasanje\Glasanje.csproj", "{89F9FBF2-34D5-4E9A-8FFD-B854BF1985B5}"
EndProject
Project("{FAE04EC0-301F-11D3-BF4B-00C04F79EFBC}") = "Hotelske_sobe", "Hotelske_sobe\Hotelske_sobe.csproj", "{31E6AC84-3C07-4579-BF29-409E73A28BF7}"
EndProject
Project("{FAE04EC0-301F-11D3-BF4B-00C04F79EFBC}") = "Kucna_knjiznica_1", "Kucna_knjiznica_1\Kucna_knjiznica_1.csproj", "{9E118915-EC62-47C2-B77F-1042931D7A70}"
EndProject
Project("{FAE04EC0-301F-11D3-BF4B-00C04F79EFBC}") = "Kucna_knjiznica_2", "Kucna_knjiznica_2\Kucna_knjiznica_2.csproj", "{F76DC4DF-332A-466B-A980-DFF835DA153C}"
EndProject
Project("{FAE04EC0-301F-11D3-BF4B-00C04F79EFBC}") = "Kucna_knjiznica_3", "Kucna_knjiznica_3\Kucna_knjiznica_3.csproj", "{10E4534C-EBB6-461F-AB20-CCD89A12E716}"
EndProject
Project("{FAE04EC0-301F-11D3-BF4B-00C04F79EFBC}") = "Mjenjačnica", "Mjenjačnica\Mjenjačnica.csproj", "{DE284C7A-AA02-4AF4-851A-93A7BDDDA3AC}"
EndProject
Project("{FAE04EC0-301F-11D3-BF4B-00C04F79EFBC}") = "Old_timeri", "Old_timeri\Old_timeri.csproj", "{3C1A0A8F-ACE6-417E-B015-C8E3D2722505}"
EndProject
Project("{FAE04EC0-301F-11D3-BF4B-00C04F79EFBC}") = "Otvaranje_email_racuna", "Email_racuna\Otvaranje_email_racuna.csproj", "{50397EBE-C631-45F9-987B-109E4381BFED}"
EndProject
Project("{FAE04EC0-301F-11D3-BF4B-00C04F79EFBC}") = "Potrosnja_energije", "Potrosnja_energije\Potrosnja_energije.csproj", "{A3BA9688-A561-4BC8-A78C-4472601757D1}"
EndProject
Project("{FAE04EC0-301F-11D3-BF4B-00C04F79EFBC}") = "Predlaganje_filma", "Predlaganje_filma\Predlaganje_filma.csproj", "{2221BA87-EE34-47A0-8CC0-A95F965C5934}"
EndProject
Global
	GlobalSection(SolutionConfigurationPlatforms) = preSolution
		Debug|Any CPU = Debug|Any CPU
		Release|Any CPU = Release|Any CPU
	EndGlobalSection
	GlobalSection(ProjectConfigurationPlatforms) = postSolution
		{5023FB0E-63F6-4511-903C-8A9F35A65BD5}.Debug|Any CPU.ActiveCfg = Debug|Any CPU
		{5023FB0E-63F6-4511-903C-8A9F35A65BD5}.Debug|Any CPU.Build.0 = Debug|Any CPU
		{5023FB0E-63F6-4511-903C-8A9F35A65BD5}.Release|Any CPU.ActiveCfg = Release|Any CPU
		{5023FB0E-63F6-4511-903C-8A9F35A65BD5}.Release|Any CPU.Build.0 = Release|Any CPU
		{3388ECC4-4363-4258-9B6D-1013A498741B}.Debug|Any CPU.ActiveCfg = Debug|Any CPU
		{3388ECC4-4363-4258-9B6D-1013A498741B}.Debug|Any CPU.Build.0 = Debug|Any CPU
		{3388ECC4-4363-4258-9B6D-1013A498741B}.Release|Any CPU.ActiveCfg = Release|Any CPU
		{3388ECC4-4363-4258-9B6D-1013A498741B}.Release|Any CPU.Build.0 = Release|Any CPU
		{FCE6E73B-3432-41AA-BEF9-589051F913F5}.Debug|Any CPU.ActiveCfg = Debug|Any CPU
		{FCE6E73B-3432-41AA-BEF9-589051F913F5}.Debug|Any CPU.Build.0 = Debug|Any CPU
		{FCE6E73B-3432-41AA-BEF9-589051F913F5}.Release|Any CPU.ActiveCfg = Release|Any CPU
		{FCE6E73B-3432-41AA-BEF9-589051F913F5}.Release|Any CPU.Build.0 = Release|Any CPU
		{89F9FBF2-34D5-4E9A-8FFD-B854BF1985B5}.Debug|Any CPU.ActiveCfg = Debug|Any CPU
		{89F9FBF2-34D5-4E9A-8FFD-B854BF1985B5}.Debug|Any CPU.Build.0 = Debug|Any CPU
		{89F9FBF2-34D5-4E9A-8FFD-B854BF1985B5}.Release|Any CPU.ActiveCfg = Release|Any CPU
		{89F9FBF2-34D5-4E9A-8FFD-B854BF1985B5}.Release|Any CPU.Build.0 = Release|Any CPU
		{31E6AC84-3C07-4579-BF29-409E73A28BF7}.Debug|Any CPU.ActiveCfg = Debug|Any CPU
		{31E6AC84-3C07-4579-BF29-409E73A28BF7}.Debug|Any CPU.Build.0 = Debug|Any CPU
		{31E6AC84-3C07-4579-BF29-409E73A28BF7}.Release|Any CPU.ActiveCfg = Release|Any CPU
		{31E6AC84-3C07-4579-BF29-409E73A28BF7}.Release|Any CPU.Build.0 = Release|Any CPU
		{9E118915-EC62-47C2-B77F-1042931D7A70}.Debug|Any CPU.ActiveCfg = Debug|Any CPU
		{9E118915-EC62-47C2-B77F-1042931D7A70}.Debug|Any CPU.Build.0 = Debug|Any CPU
		{9E118915-EC62-47C2-B77F-1042931D7A70}.Release|Any CPU.ActiveCfg = Release|Any CPU
		{9E118915-EC62-47C2-B77F-1042931D7A70}.Release|Any CPU.Build.0 = Release|Any CPU
		{F76DC4DF-332A-466B-A980-DFF835DA153C}.Debug|Any CPU.ActiveCfg = Debug|Any CPU
		{F76DC4DF-332A-466B-A980-DFF835DA153C}.Debug|Any CPU.Build.0 = Debug|Any CPU
		{F76DC4DF-332A-466B-A980-DFF835DA153C}.Release|Any CPU.ActiveCfg = Release|Any CPU
		{F76DC4DF-332A-466B-A980-DFF835DA153C}.Release|Any CPU.Build.0 = Release|Any CPU
		{10E4534C-EBB6-461F-AB20-CCD89A12E716}.Debug|Any CPU.ActiveCfg = Debug|Any CPU
		{10E4534C-EBB6-461F-AB20-CCD89A12E716}.Debug|Any CPU.Build.0 = Debug|Any CPU
		{10E4534C-EBB6-461F-AB20-CCD89A12E716}.Release|Any CPU.ActiveCfg = Release|Any CPU
		{10E4534C-EBB6-461F-AB20-CCD89A12E716}.Release|Any CPU.Build.0 = Release|Any CPU
		{DE284C7A-AA02-4AF4-851A-93A7BDDDA3AC}.Debug|Any CPU.ActiveCfg = Debug|Any CPU
		{DE284C7A-AA02-4AF4-851A-93A7BDDDA3AC}.Debug|Any CPU.Build.0 = Debug|Any CPU
		{DE284C7A-AA02-4AF4-851A-93A7BDDDA3AC}.Release|Any CPU.ActiveCfg = Release|Any CPU
		{DE284C7A-AA02-4AF4-851A-93A7BDDDA3AC}.Release|Any CPU.Build.0 = Release|Any CPU
		{3C1A0A8F-ACE6-417E-B015-C8E3D2722505}.Debug|Any CPU.ActiveCfg = Debug|Any CPU
		{3C1A0A8F-ACE6-417E-B015-C8E3D2722505}.Debug|Any CPU.Build.0 = Debug|Any CPU
		{3C1A0A8F-ACE6-417E-B015-C8E3D2722505}.Release|Any CPU.ActiveCfg = Release|Any CPU
		{3C1A0A8F-ACE6-417E-B015-C8E3D2722505}.Release|Any CPU.Build.0 = Release|Any CPU
		{50397EBE-C631-45F9-987B-109E4381BFED}.Debug|Any CPU.ActiveCfg = Debug|Any CPU
		{50397EBE-C631-45F9-987B-109E4381BFED}.Debug|Any CPU.Build.0 = Debug|Any CPU
		{50397EBE-C631-45F9-987B-109E4381BFED}.Release|Any CPU.ActiveCfg = Release|Any CPU
		{50397EBE-C631-45F9-987B-109E4381BFED}.Release|Any CPU.Build.0 = Release|Any CPU
		{A3BA9688-A561-4BC8-A78C-4472601757D1}.Debug|Any CPU.ActiveCfg = Debug|Any CPU
		{A3BA9688-A561-4BC8-A78C-4472601757D1}.Debug|Any CPU.Build.0 = Debug|Any CPU
		{A3BA9688-A561-4BC8-A78C-4472601757D1}.Release|Any CPU.ActiveCfg = Release|Any CPU
		{A3BA9688-A561-4BC8-A78C-4472601757D1}.Release|Any CPU.Build.0 = Release|Any CPU
		{2221BA87-EE34-47A0-8CC0-A95F965C5934}.Debug|Any CPU.ActiveCfg = Debug|Any CPU
		{2221BA87-EE34-47A0-8CC0-A95F965C5934}.Debug|Any CPU.Build.0 = Debug|Any CPU
		{2221BA87-EE34-47A0-8CC0-A95F965C5934}.Release|Any CPU.ActiveCfg = Release|Any CPU
		{2221BA87-EE34-47A0-8CC0-A95F965C5934}.Release|Any CPU.Build.0 = Release|Any CPU
	EndGlobalSection
	GlobalSection(SolutionProperties) = preSolution
		HideSolutionNode = FALSE
	EndGlobalSection
	GlobalSection(ExtensibilityGlobals) = postSolution
		SolutionGuid = {213A8898-92F0-4BE3-9116-D905A3C0384B}
	EndGlobalSection
EndGlobal
