
Microsoft Visual Studio Solution File, Format Version 12.00
# Visual Studio Version 17
VisualStudioVersion = 17.1.32228.430
MinimumVisualStudioVersion = 10.0.40219.1
Project("{FAE04EC0-301F-11D3-BF4B-00C04F79EFBC}") = "Administriranje_korisnika", "Administriranje_korisnika\Administriranje_korisnika.csproj", "{D4E43EC1-432D-4D5B-9F36-00B77D3F602B}"
EndProject
Project("{FAE04EC0-301F-11D3-BF4B-00C04F79EFBC}") = "Autobusni_kolodvor_1", "Autobusni_kolodvor_1\Autobusni_kolodvor_1.csproj", "{77AD36D9-B207-49CD-9F97-585870F022C5}"
EndProject
Project("{FAE04EC0-301F-11D3-BF4B-00C04F79EFBC}") = "Autobusni_kolodvor_2", "AutobusniKolodvor2\Autobusni_kolodvor_2.csproj", "{08D2508D-56D7-48B8-92CB-C2AE29A68447}"
EndProject
Project("{FAE04EC0-301F-11D3-BF4B-00C04F79EFBC}") = "Filtriranje_transakcija", "Filtriranje_transakcija\Filtriranje_transakcija.csproj", "{9C981198-3564-4FC5-85B0-B8D88E301BEE}"
EndProject
Project("{FAE04EC0-301F-11D3-BF4B-00C04F79EFBC}") = "KucnaKnjiznica", "KucnaKnjiznica\KucnaKnjiznica.csproj", "{D44E1555-42A2-4201-A759-FC4DEC736AF2}"
EndProject
Project("{FAE04EC0-301F-11D3-BF4B-00C04F79EFBC}") = "Prijava_i_prikaz_korisničkog_profila", "Prijava_i_prikaz_korisničkog_profila\Prijava_i_prikaz_korisničkog_profila.csproj", "{D400B5BB-4B5C-48F6-901E-B02D994CC3B0}"
EndProject
Project("{FAE04EC0-301F-11D3-BF4B-00C04F79EFBC}") = "Bodovi_i_aktivnosti", "Bodovi_i_aktivnosti\Bodovi_i_aktivnosti.csproj", "{BF64F30E-30EB-492F-A489-524F10E26AFC}"
EndProject
Global
	GlobalSection(SolutionConfigurationPlatforms) = preSolution
		Debug|Any CPU = Debug|Any CPU
		Release|Any CPU = Release|Any CPU
	EndGlobalSection
	GlobalSection(ProjectConfigurationPlatforms) = postSolution
		{D4E43EC1-432D-4D5B-9F36-00B77D3F602B}.Debug|Any CPU.ActiveCfg = Debug|Any CPU
		{D4E43EC1-432D-4D5B-9F36-00B77D3F602B}.Debug|Any CPU.Build.0 = Debug|Any CPU
		{D4E43EC1-432D-4D5B-9F36-00B77D3F602B}.Release|Any CPU.ActiveCfg = Release|Any CPU
		{D4E43EC1-432D-4D5B-9F36-00B77D3F602B}.Release|Any CPU.Build.0 = Release|Any CPU
		{77AD36D9-B207-49CD-9F97-585870F022C5}.Debug|Any CPU.ActiveCfg = Debug|Any CPU
		{77AD36D9-B207-49CD-9F97-585870F022C5}.Debug|Any CPU.Build.0 = Debug|Any CPU
		{77AD36D9-B207-49CD-9F97-585870F022C5}.Release|Any CPU.ActiveCfg = Release|Any CPU
		{77AD36D9-B207-49CD-9F97-585870F022C5}.Release|Any CPU.Build.0 = Release|Any CPU
		{08D2508D-56D7-48B8-92CB-C2AE29A68447}.Debug|Any CPU.ActiveCfg = Debug|Any CPU
		{08D2508D-56D7-48B8-92CB-C2AE29A68447}.Debug|Any CPU.Build.0 = Debug|Any CPU
		{08D2508D-56D7-48B8-92CB-C2AE29A68447}.Release|Any CPU.ActiveCfg = Release|Any CPU
		{08D2508D-56D7-48B8-92CB-C2AE29A68447}.Release|Any CPU.Build.0 = Release|Any CPU
		{9C981198-3564-4FC5-85B0-B8D88E301BEE}.Debug|Any CPU.ActiveCfg = Debug|Any CPU
		{9C981198-3564-4FC5-85B0-B8D88E301BEE}.Debug|Any CPU.Build.0 = Debug|Any CPU
		{9C981198-3564-4FC5-85B0-B8D88E301BEE}.Release|Any CPU.ActiveCfg = Release|Any CPU
		{9C981198-3564-4FC5-85B0-B8D88E301BEE}.Release|Any CPU.Build.0 = Release|Any CPU
		{D44E1555-42A2-4201-A759-FC4DEC736AF2}.Debug|Any CPU.ActiveCfg = Debug|Any CPU
		{D44E1555-42A2-4201-A759-FC4DEC736AF2}.Debug|Any CPU.Build.0 = Debug|Any CPU
		{D44E1555-42A2-4201-A759-FC4DEC736AF2}.Release|Any CPU.ActiveCfg = Release|Any CPU
		{D44E1555-42A2-4201-A759-FC4DEC736AF2}.Release|Any CPU.Build.0 = Release|Any CPU
		{D400B5BB-4B5C-48F6-901E-B02D994CC3B0}.Debug|Any CPU.ActiveCfg = Debug|Any CPU
		{D400B5BB-4B5C-48F6-901E-B02D994CC3B0}.Debug|Any CPU.Build.0 = Debug|Any CPU
		{D400B5BB-4B5C-48F6-901E-B02D994CC3B0}.Release|Any CPU.ActiveCfg = Release|Any CPU
		{D400B5BB-4B5C-48F6-901E-B02D994CC3B0}.Release|Any CPU.Build.0 = Release|Any CPU
		{BF64F30E-30EB-492F-A489-524F10E26AFC}.Debug|Any CPU.ActiveCfg = Debug|Any CPU
		{BF64F30E-30EB-492F-A489-524F10E26AFC}.Debug|Any CPU.Build.0 = Debug|Any CPU
		{BF64F30E-30EB-492F-A489-524F10E26AFC}.Release|Any CPU.ActiveCfg = Release|Any CPU
		{BF64F30E-30EB-492F-A489-524F10E26AFC}.Release|Any CPU.Build.0 = Release|Any CPU
	EndGlobalSection
	GlobalSection(SolutionProperties) = preSolution
		HideSolutionNode = FALSE
	EndGlobalSection
	GlobalSection(ExtensibilityGlobals) = postSolution
		SolutionGuid = {CA86EB8C-69BB-4DD8-8A00-402F40504816}
	EndGlobalSection
EndGlobal
